# This file is automatically @generated by Cargo.
# It is not intended for manual editing.
version = 4

[[package]]
name = "bitflags"
version = "2.13.0"
source = "registry+https://github.com/rust-lang/crates.io-index"
checksum = "b4388bee8683e3d04af747c73422af53102d2bd24d9eadb6cbc100baef4b43f8"

[[package]]
name = "echo"
version = "0.1.0"
dependencies = [
 "wit-bindgen-rt",
]

[[package]]
name = "wit-bindgen-rt"
version = "0.44.0"
source = "registry+https://github.com/rust-lang/crates.io-index"
checksum = "653c85dd7aee6fe6f4bded0d242406deadae9819029ce6f7d258c920c384358a"
dependencies = [
 "bitflags",
]
